
Microsoft Visual Studio Solution File, Format Version 12.00
# Visual Studio Version 16
VisualStudioVersion = 16.0.29306.81
MinimumVisualStudioVersion = 10.0.40219.1
Project("{9A19103F-16F7-4668-BE54-9A1E7A4F7556}") = "Mlos.SettingsSystem.CodeGen", "Mlos.SettingsSystem.CodeGen.csproj", "{283A0331-2EAD-4DD2-A3FE-20D229E2D277}"
EndProject
Project("{FAE04EC0-301F-11D3-BF4B-00C04F79EFBC}") = "Mlos.SettingsSystem.Attributes", "..\Mlos.SettingsSystem.Attributes\Mlos.SettingsSystem.Attributes.csproj", "{5E949A04-C24C-48C9-BFE6-34AD0F99F7F8}"
EndProject
Global
	GlobalSection(SolutionConfigurationPlatforms) = preSolution
		Debug|x64 = Debug|x64
		Release|x64 = Release|x64
	EndGlobalSection
	GlobalSection(ProjectConfigurationPlatforms) = postSolution
		{283A0331-2EAD-4DD2-A3FE-20D229E2D277}.Debug|x64.ActiveCfg = Debug|Any CPU
		{283A0331-2EAD-4DD2-A3FE-20D229E2D277}.Debug|x64.Build.0 = Debug|Any CPU
		{283A0331-2EAD-4DD2-A3FE-20D229E2D277}.Release|x64.ActiveCfg = Release|Any CPU
		{283A0331-2EAD-4DD2-A3FE-20D229E2D277}.Release|x64.Build.0 = Release|Any CPU
		{5E949A04-C24C-48C9-BFE6-34AD0F99F7F8}.Debug|x64.ActiveCfg = Debug|Any CPU
		{5E949A04-C24C-48C9-BFE6-34AD0F99F7F8}.Debug|x64.Build.0 = Debug|Any CPU
		{5E949A04-C24C-48C9-BFE6-34AD0F99F7F8}.Release|x64.ActiveCfg = Release|Any CPU
		{5E949A04-C24C-48C9-BFE6-34AD0F99F7F8}.Release|x64.Build.0 = Release|Any CPU
	EndGlobalSection
	GlobalSection(SolutionProperties) = preSolution
		HideSolutionNode = FALSE
	EndGlobalSection
	GlobalSection(ExtensibilityGlobals) = postSolution
		SolutionGuid = {2F809C3B-AD12-4697-B912-249A9FD7FFB4}
	EndGlobalSection
EndGlobal
