
Microsoft Visual Studio Solution File, Format Version 12.00
# Visual Studio Version 16
VisualStudioVersion = 16.0.29806.167
MinimumVisualStudioVersion = 10.0.40219.1
Project("{9A19103F-16F7-4668-BE54-9A1E7A4F7556}") = "Mlos.NetCore.UnitTest", "Mlos.NetCore.UnitTest.csproj", "{7A8D0D6C-43BB-413E-8106-5F7DE5733440}"
	ProjectSection(ProjectDependencies) = postProject
		{283A0331-2EAD-4DD2-A3FE-20D229E2D277} = {283A0331-2EAD-4DD2-A3FE-20D229E2D277}
	EndProjectSection
EndProject
Project("{2150E333-8FDC-42A3-9474-1A3956D46DE8}") = "Mlos", "Mlos", "{2A2ED24B-5D87-4095-B86C-8CFC7DF6962B}"
EndProject
Project("{9A19103F-16F7-4668-BE54-9A1E7A4F7556}") = "Mlos.NetCore", "..\Mlos.NetCore\Mlos.NetCore.csproj", "{E4A7ACC8-8211-48BF-AE6C-2588B4D4D3DB}"
EndProject
Project("{9A19103F-16F7-4668-BE54-9A1E7A4F7556}") = "Mlos.Streaming", "..\Mlos.Streaming\Mlos.Streaming.csproj", "{61D51941-49BB-40E5-B56A-5F2430B2A95B}"
EndProject
Project("{FAE04EC0-301F-11D3-BF4B-00C04F79EFBC}") = "Mlos.SettingsSystem.Attributes", "..\Mlos.SettingsSystem.Attributes\Mlos.SettingsSystem.Attributes.csproj", "{5E949A04-C24C-48C9-BFE6-34AD0F99F7F8}"
EndProject
Project("{9A19103F-16F7-4668-BE54-9A1E7A4F7556}") = "Mlos.SettingsSystem.CodeGen", "..\Mlos.SettingsSystem.CodeGen\Mlos.SettingsSystem.CodeGen.csproj", "{283A0331-2EAD-4DD2-A3FE-20D229E2D277}"
EndProject
Project("{FAE04EC0-301F-11D3-BF4B-00C04F79EFBC}") = "Mlos.UnitTest.SettingsRegistry", "..\Mlos.UnitTest\Mlos.UnitTest.SettingsRegistry\Mlos.UnitTest.SettingsRegistry.csproj", "{7747149E-BB3B-4F9A-8F1B-D94A062B492F}"
	ProjectSection(ProjectDependencies) = postProject
		{E4A7ACC8-8211-48BF-AE6C-2588B4D4D3DB} = {E4A7ACC8-8211-48BF-AE6C-2588B4D4D3DB}
	EndProjectSection
EndProject
Project("{9A19103F-16F7-4668-BE54-9A1E7A4F7556}") = "Mlos.Model.Services", "..\Mlos.Model.Services\Mlos.Model.Services.csproj", "{02D39538-502B-4536-955D-DE341CD6A9EC}"
EndProject
Project("{9A19103F-16F7-4668-BE54-9A1E7A4F7556}") = "Mlos.Model.Services.Client", "..\Mlos.Model.Services.Client\Mlos.Model.Services.Client.csproj", "{19F2E5B3-E926-4C2F-B0C1-21413BBFAB9C}"
EndProject
Global
	GlobalSection(SolutionConfigurationPlatforms) = preSolution
		Debug|Any CPU = Debug|Any CPU
		Debug|x64 = Debug|x64
		Release|Any CPU = Release|Any CPU
		Release|x64 = Release|x64
	EndGlobalSection
	GlobalSection(ProjectConfigurationPlatforms) = postSolution
		{7A8D0D6C-43BB-413E-8106-5F7DE5733440}.Debug|Any CPU.ActiveCfg = Debug|Any CPU
		{7A8D0D6C-43BB-413E-8106-5F7DE5733440}.Debug|Any CPU.Build.0 = Debug|Any CPU
		{7A8D0D6C-43BB-413E-8106-5F7DE5733440}.Debug|x64.ActiveCfg = Debug|Any CPU
		{7A8D0D6C-43BB-413E-8106-5F7DE5733440}.Debug|x64.Build.0 = Debug|Any CPU
		{7A8D0D6C-43BB-413E-8106-5F7DE5733440}.Release|Any CPU.ActiveCfg = Release|Any CPU
		{7A8D0D6C-43BB-413E-8106-5F7DE5733440}.Release|Any CPU.Build.0 = Release|Any CPU
		{7A8D0D6C-43BB-413E-8106-5F7DE5733440}.Release|x64.ActiveCfg = Release|Any CPU
		{7A8D0D6C-43BB-413E-8106-5F7DE5733440}.Release|x64.Build.0 = Release|Any CPU
		{E4A7ACC8-8211-48BF-AE6C-2588B4D4D3DB}.Debug|Any CPU.ActiveCfg = Debug|Any CPU
		{E4A7ACC8-8211-48BF-AE6C-2588B4D4D3DB}.Debug|Any CPU.Build.0 = Debug|Any CPU
		{E4A7ACC8-8211-48BF-AE6C-2588B4D4D3DB}.Debug|x64.ActiveCfg = Debug|Any CPU
		{E4A7ACC8-8211-48BF-AE6C-2588B4D4D3DB}.Debug|x64.Build.0 = Debug|Any CPU
		{E4A7ACC8-8211-48BF-AE6C-2588B4D4D3DB}.Release|Any CPU.ActiveCfg = Release|Any CPU
		{E4A7ACC8-8211-48BF-AE6C-2588B4D4D3DB}.Release|Any CPU.Build.0 = Release|Any CPU
		{E4A7ACC8-8211-48BF-AE6C-2588B4D4D3DB}.Release|x64.ActiveCfg = Release|Any CPU
		{E4A7ACC8-8211-48BF-AE6C-2588B4D4D3DB}.Release|x64.Build.0 = Release|Any CPU
		{61D51941-49BB-40E5-B56A-5F2430B2A95B}.Debug|Any CPU.ActiveCfg = Debug|Any CPU
		{61D51941-49BB-40E5-B56A-5F2430B2A95B}.Debug|Any CPU.Build.0 = Debug|Any CPU
		{61D51941-49BB-40E5-B56A-5F2430B2A95B}.Debug|x64.ActiveCfg = Debug|Any CPU
		{61D51941-49BB-40E5-B56A-5F2430B2A95B}.Debug|x64.Build.0 = Debug|Any CPU
		{61D51941-49BB-40E5-B56A-5F2430B2A95B}.Release|Any CPU.ActiveCfg = Release|Any CPU
		{61D51941-49BB-40E5-B56A-5F2430B2A95B}.Release|Any CPU.Build.0 = Release|Any CPU
		{61D51941-49BB-40E5-B56A-5F2430B2A95B}.Release|x64.ActiveCfg = Release|Any CPU
		{61D51941-49BB-40E5-B56A-5F2430B2A95B}.Release|x64.Build.0 = Release|Any CPU
		{5E949A04-C24C-48C9-BFE6-34AD0F99F7F8}.Debug|Any CPU.ActiveCfg = Debug|Any CPU
		{5E949A04-C24C-48C9-BFE6-34AD0F99F7F8}.Debug|Any CPU.Build.0 = Debug|Any CPU
		{5E949A04-C24C-48C9-BFE6-34AD0F99F7F8}.Debug|x64.ActiveCfg = Debug|x64
		{5E949A04-C24C-48C9-BFE6-34AD0F99F7F8}.Debug|x64.Build.0 = Debug|x64
		{5E949A04-C24C-48C9-BFE6-34AD0F99F7F8}.Release|Any CPU.ActiveCfg = Release|Any CPU
		{5E949A04-C24C-48C9-BFE6-34AD0F99F7F8}.Release|Any CPU.Build.0 = Release|Any CPU
		{5E949A04-C24C-48C9-BFE6-34AD0F99F7F8}.Release|x64.ActiveCfg = Release|x64
		{5E949A04-C24C-48C9-BFE6-34AD0F99F7F8}.Release|x64.Build.0 = Release|x64
		{283A0331-2EAD-4DD2-A3FE-20D229E2D277}.Debug|Any CPU.ActiveCfg = Debug|Any CPU
		{283A0331-2EAD-4DD2-A3FE-20D229E2D277}.Debug|Any CPU.Build.0 = Debug|Any CPU
		{283A0331-2EAD-4DD2-A3FE-20D229E2D277}.Debug|x64.ActiveCfg = Debug|Any CPU
		{283A0331-2EAD-4DD2-A3FE-20D229E2D277}.Debug|x64.Build.0 = Debug|Any CPU
		{283A0331-2EAD-4DD2-A3FE-20D229E2D277}.Release|Any CPU.ActiveCfg = Release|Any CPU
		{283A0331-2EAD-4DD2-A3FE-20D229E2D277}.Release|Any CPU.Build.0 = Release|Any CPU
		{283A0331-2EAD-4DD2-A3FE-20D229E2D277}.Release|x64.ActiveCfg = Release|Any CPU
		{283A0331-2EAD-4DD2-A3FE-20D229E2D277}.Release|x64.Build.0 = Release|Any CPU
		{7747149E-BB3B-4F9A-8F1B-D94A062B492F}.Debug|Any CPU.ActiveCfg = Debug|Any CPU
		{7747149E-BB3B-4F9A-8F1B-D94A062B492F}.Debug|Any CPU.Build.0 = Debug|Any CPU
		{7747149E-BB3B-4F9A-8F1B-D94A062B492F}.Debug|x64.ActiveCfg = Debug|x64
		{7747149E-BB3B-4F9A-8F1B-D94A062B492F}.Debug|x64.Build.0 = Debug|x64
		{7747149E-BB3B-4F9A-8F1B-D94A062B492F}.Release|Any CPU.ActiveCfg = Release|Any CPU
		{7747149E-BB3B-4F9A-8F1B-D94A062B492F}.Release|Any CPU.Build.0 = Release|Any CPU
		{7747149E-BB3B-4F9A-8F1B-D94A062B492F}.Release|x64.ActiveCfg = Release|x64
		{7747149E-BB3B-4F9A-8F1B-D94A062B492F}.Release|x64.Build.0 = Release|x64
		{02D39538-502B-4536-955D-DE341CD6A9EC}.Debug|Any CPU.ActiveCfg = Debug|Any CPU
		{02D39538-502B-4536-955D-DE341CD6A9EC}.Debug|Any CPU.Build.0 = Debug|Any CPU
		{02D39538-502B-4536-955D-DE341CD6A9EC}.Debug|x64.ActiveCfg = Debug|Any CPU
		{02D39538-502B-4536-955D-DE341CD6A9EC}.Debug|x64.Build.0 = Debug|Any CPU
		{02D39538-502B-4536-955D-DE341CD6A9EC}.Release|Any CPU.ActiveCfg = Release|Any CPU
		{02D39538-502B-4536-955D-DE341CD6A9EC}.Release|Any CPU.Build.0 = Release|Any CPU
		{02D39538-502B-4536-955D-DE341CD6A9EC}.Release|x64.ActiveCfg = Release|Any CPU
		{02D39538-502B-4536-955D-DE341CD6A9EC}.Release|x64.Build.0 = Release|Any CPU
		{19F2E5B3-E926-4C2F-B0C1-21413BBFAB9C}.Debug|Any CPU.ActiveCfg = Debug|Any CPU
		{19F2E5B3-E926-4C2F-B0C1-21413BBFAB9C}.Debug|Any CPU.Build.0 = Debug|Any CPU
		{19F2E5B3-E926-4C2F-B0C1-21413BBFAB9C}.Debug|x64.ActiveCfg = Debug|Any CPU
		{19F2E5B3-E926-4C2F-B0C1-21413BBFAB9C}.Debug|x64.Build.0 = Debug|Any CPU
		{19F2E5B3-E926-4C2F-B0C1-21413BBFAB9C}.Release|Any CPU.ActiveCfg = Release|Any CPU
		{19F2E5B3-E926-4C2F-B0C1-21413BBFAB9C}.Release|Any CPU.Build.0 = Release|Any CPU
		{19F2E5B3-E926-4C2F-B0C1-21413BBFAB9C}.Release|x64.ActiveCfg = Release|Any CPU
		{19F2E5B3-E926-4C2F-B0C1-21413BBFAB9C}.Release|x64.Build.0 = Release|Any CPU
	EndGlobalSection
	GlobalSection(SolutionProperties) = preSolution
		HideSolutionNode = FALSE
	EndGlobalSection
	GlobalSection(NestedProjects) = preSolution
		{E4A7ACC8-8211-48BF-AE6C-2588B4D4D3DB} = {2A2ED24B-5D87-4095-B86C-8CFC7DF6962B}
		{61D51941-49BB-40E5-B56A-5F2430B2A95B} = {2A2ED24B-5D87-4095-B86C-8CFC7DF6962B}
		{5E949A04-C24C-48C9-BFE6-34AD0F99F7F8} = {2A2ED24B-5D87-4095-B86C-8CFC7DF6962B}
		{283A0331-2EAD-4DD2-A3FE-20D229E2D277} = {2A2ED24B-5D87-4095-B86C-8CFC7DF6962B}
		{7747149E-BB3B-4F9A-8F1B-D94A062B492F} = {2A2ED24B-5D87-4095-B86C-8CFC7DF6962B}
		{02D39538-502B-4536-955D-DE341CD6A9EC} = {2A2ED24B-5D87-4095-B86C-8CFC7DF6962B}
		{19F2E5B3-E926-4C2F-B0C1-21413BBFAB9C} = {2A2ED24B-5D87-4095-B86C-8CFC7DF6962B}
	EndGlobalSection
	GlobalSection(ExtensibilityGlobals) = postSolution
		SolutionGuid = {F3416A78-A855-413C-B235-C9586286247A}
	EndGlobalSection
EndGlobal
